
Microsoft Visual Studio Solution File, Format Version 12.00
# Visual Studio 15
VisualStudioVersion = 15.0.28010.2019
MinimumVisualStudioVersion = 10.0.40219.1
Project("{FAE04EC0-301F-11D3-BF4B-00C04F79EFBC}") = "MaaltijdApplicatie", "MaaltijdApplicatie\MaaltijdApplicatie.csproj", "{6D5C35F5-4EB7-43FF-A2C9-DDCCDCCDD330}"
EndProject
Global
	GlobalSection(SolutionConfigurationPlatforms) = preSolution
		Debug|Any CPU = Debug|Any CPU
		Release|Any CPU = Release|Any CPU
	EndGlobalSection
	GlobalSection(ProjectConfigurationPlatforms) = postSolution
		{6D5C35F5-4EB7-43FF-A2C9-DDCCDCCDD330}.Debug|Any CPU.ActiveCfg = Debug|Any CPU
		{6D5C35F5-4EB7-43FF-A2C9-DDCCDCCDD330}.Debug|Any CPU.Build.0 = Debug|Any CPU
		{6D5C35F5-4EB7-43FF-A2C9-DDCCDCCDD330}.Release|Any CPU.ActiveCfg = Release|Any CPU
		{6D5C35F5-4EB7-43FF-A2C9-DDCCDCCDD330}.Release|Any CPU.Build.0 = Release|Any CPU
	EndGlobalSection
	GlobalSection(SolutionProperties) = preSolution
		HideSolutionNode = FALSE
	EndGlobalSection
	GlobalSection(ExtensibilityGlobals) = postSolution
		SolutionGuid = {1099A0B4-66F0-4CF0-86F2-73AA59BAF16A}
	EndGlobalSection
EndGlobal
